
Microsoft Visual Studio Solution File, Format Version 12.00
# Visual Studio Version 17
VisualStudioVersion = 17.0.32014.148
MinimumVisualStudioVersion = 10.0.40219.1
Project("{FAE04EC0-301F-11D3-BF4B-00C04F79EFBC}") = "CrudXamarin.UWP", "CrudXamarin\CrudXamarin.UWP\CrudXamarin.UWP.csproj", "{91A5CBDC-0BCA-4F00-A69D-38C104089494}"
EndProject
Project("{FAE04EC0-301F-11D3-BF4B-00C04F79EFBC}") = "CrudXamarin.Android", "CrudXamarin\CrudXamarin.Android\CrudXamarin.Android.csproj", "{8048DB68-11A9-492C-B0EA-F16F7A6B32F2}"
EndProject
Project("{FAE04EC0-301F-11D3-BF4B-00C04F79EFBC}") = "CrudXamarin", "CrudXamarin\CrudXamarin\CrudXamarin.csproj", "{4C927D27-A6B8-447C-83F8-6D38C7D72B09}"
EndProject
Project("{FAE04EC0-301F-11D3-BF4B-00C04F79EFBC}") = "DAL", "DAL\DAL.csproj", "{BC6C47FD-51F1-4AE8-97C6-B9E10EA54474}"
EndProject
Project("{FAE04EC0-301F-11D3-BF4B-00C04F79EFBC}") = "BL", "BL\BL.csproj", "{0E33DAEF-AA3C-4530-B1EF-1CDDCD67CF3F}"
EndProject
Project("{FAE04EC0-301F-11D3-BF4B-00C04F79EFBC}") = "Entidades", "Entidades\Entidades.csproj", "{AC1E8566-D62A-4764-8809-050FEBFBC3DB}"
EndProject
Global
	GlobalSection(SolutionConfigurationPlatforms) = preSolution
		Debug|Any CPU = Debug|Any CPU
		Debug|ARM = Debug|ARM
		Debug|x64 = Debug|x64
		Debug|x86 = Debug|x86
		Release|Any CPU = Release|Any CPU
		Release|ARM = Release|ARM
		Release|x64 = Release|x64
		Release|x86 = Release|x86
	EndGlobalSection
	GlobalSection(ProjectConfigurationPlatforms) = postSolution
		{91A5CBDC-0BCA-4F00-A69D-38C104089494}.Debug|Any CPU.ActiveCfg = Debug|x64
		{91A5CBDC-0BCA-4F00-A69D-38C104089494}.Debug|Any CPU.Build.0 = Debug|x64
		{91A5CBDC-0BCA-4F00-A69D-38C104089494}.Debug|Any CPU.Deploy.0 = Debug|x64
		{91A5CBDC-0BCA-4F00-A69D-38C104089494}.Debug|ARM.ActiveCfg = Debug|ARM
		{91A5CBDC-0BCA-4F00-A69D-38C104089494}.Debug|ARM.Build.0 = Debug|ARM
		{91A5CBDC-0BCA-4F00-A69D-38C104089494}.Debug|ARM.Deploy.0 = Debug|ARM
		{91A5CBDC-0BCA-4F00-A69D-38C104089494}.Debug|x64.ActiveCfg = Debug|x64
		{91A5CBDC-0BCA-4F00-A69D-38C104089494}.Debug|x64.Build.0 = Debug|x64
		{91A5CBDC-0BCA-4F00-A69D-38C104089494}.Debug|x64.Deploy.0 = Debug|x64
		{91A5CBDC-0BCA-4F00-A69D-38C104089494}.Debug|x86.ActiveCfg = Debug|x86
		{91A5CBDC-0BCA-4F00-A69D-38C104089494}.Debug|x86.Build.0 = Debug|x86
		{91A5CBDC-0BCA-4F00-A69D-38C104089494}.Debug|x86.Deploy.0 = Debug|x86
		{91A5CBDC-0BCA-4F00-A69D-38C104089494}.Release|Any CPU.ActiveCfg = Release|x64
		{91A5CBDC-0BCA-4F00-A69D-38C104089494}.Release|Any CPU.Build.0 = Release|x64
		{91A5CBDC-0BCA-4F00-A69D-38C104089494}.Release|Any CPU.Deploy.0 = Release|x64
		{91A5CBDC-0BCA-4F00-A69D-38C104089494}.Release|ARM.ActiveCfg = Release|ARM
		{91A5CBDC-0BCA-4F00-A69D-38C104089494}.Release|ARM.Build.0 = Release|ARM
		{91A5CBDC-0BCA-4F00-A69D-38C104089494}.Release|ARM.Deploy.0 = Release|ARM
		{91A5CBDC-0BCA-4F00-A69D-38C104089494}.Release|x64.ActiveCfg = Release|x64
		{91A5CBDC-0BCA-4F00-A69D-38C104089494}.Release|x64.Build.0 = Release|x64
		{91A5CBDC-0BCA-4F00-A69D-38C104089494}.Release|x64.Deploy.0 = Release|x64
		{91A5CBDC-0BCA-4F00-A69D-38C104089494}.Release|x86.ActiveCfg = Release|x86
		{91A5CBDC-0BCA-4F00-A69D-38C104089494}.Release|x86.Build.0 = Release|x86
		{91A5CBDC-0BCA-4F00-A69D-38C104089494}.Release|x86.Deploy.0 = Release|x86
		{8048DB68-11A9-492C-B0EA-F16F7A6B32F2}.Debug|Any CPU.ActiveCfg = Debug|Any CPU
		{8048DB68-11A9-492C-B0EA-F16F7A6B32F2}.Debug|Any CPU.Build.0 = Debug|Any CPU
		{8048DB68-11A9-492C-B0EA-F16F7A6B32F2}.Debug|Any CPU.Deploy.0 = Debug|Any CPU
		{8048DB68-11A9-492C-B0EA-F16F7A6B32F2}.Debug|ARM.ActiveCfg = Debug|Any CPU
		{8048DB68-11A9-492C-B0EA-F16F7A6B32F2}.Debug|ARM.Build.0 = Debug|Any CPU
		{8048DB68-11A9-492C-B0EA-F16F7A6B32F2}.Debug|ARM.Deploy.0 = Debug|Any CPU
		{8048DB68-11A9-492C-B0EA-F16F7A6B32F2}.Debug|x64.ActiveCfg = Debug|Any CPU
		{8048DB68-11A9-492C-B0EA-F16F7A6B32F2}.Debug|x64.Build.0 = Debug|Any CPU
		{8048DB68-11A9-492C-B0EA-F16F7A6B32F2}.Debug|x64.Deploy.0 = Debug|Any CPU
		{8048DB68-11A9-492C-B0EA-F16F7A6B32F2}.Debug|x86.ActiveCfg = Debug|Any CPU
		{8048DB68-11A9-492C-B0EA-F16F7A6B32F2}.Debug|x86.Build.0 = Debug|Any CPU
		{8048DB68-11A9-492C-B0EA-F16F7A6B32F2}.Debug|x86.Deploy.0 = Debug|Any CPU
		{8048DB68-11A9-492C-B0EA-F16F7A6B32F2}.Release|Any CPU.ActiveCfg = Release|Any CPU
		{8048DB68-11A9-492C-B0EA-F16F7A6B32F2}.Release|Any CPU.Build.0 = Release|Any CPU
		{8048DB68-11A9-492C-B0EA-F16F7A6B32F2}.Release|Any CPU.Deploy.0 = Release|Any CPU
		{8048DB68-11A9-492C-B0EA-F16F7A6B32F2}.Release|ARM.ActiveCfg = Release|Any CPU
		{8048DB68-11A9-492C-B0EA-F16F7A6B32F2}.Release|ARM.Build.0 = Release|Any CPU
		{8048DB68-11A9-492C-B0EA-F16F7A6B32F2}.Release|ARM.Deploy.0 = Release|Any CPU
		{8048DB68-11A9-492C-B0EA-F16F7A6B32F2}.Release|x64.ActiveCfg = Release|Any CPU
		{8048DB68-11A9-492C-B0EA-F16F7A6B32F2}.Release|x64.Build.0 = Release|Any CPU
		{8048DB68-11A9-492C-B0EA-F16F7A6B32F2}.Release|x64.Deploy.0 = Release|Any CPU
		{8048DB68-11A9-492C-B0EA-F16F7A6B32F2}.Release|x86.ActiveCfg = Release|Any CPU
		{8048DB68-11A9-492C-B0EA-F16F7A6B32F2}.Release|x86.Build.0 = Release|Any CPU
		{8048DB68-11A9-492C-B0EA-F16F7A6B32F2}.Release|x86.Deploy.0 = Release|Any CPU
		{4C927D27-A6B8-447C-83F8-6D38C7D72B09}.Debug|Any CPU.ActiveCfg = Debug|Any CPU
		{4C927D27-A6B8-447C-83F8-6D38C7D72B09}.Debug|Any CPU.Build.0 = Debug|Any CPU
		{4C927D27-A6B8-447C-83F8-6D38C7D72B09}.Debug|Any CPU.Deploy.0 = Debug|Any CPU
		{4C927D27-A6B8-447C-83F8-6D38C7D72B09}.Debug|ARM.ActiveCfg = Debug|Any CPU
		{4C927D27-A6B8-447C-83F8-6D38C7D72B09}.Debug|ARM.Build.0 = Debug|Any CPU
		{4C927D27-A6B8-447C-83F8-6D38C7D72B09}.Debug|ARM.Deploy.0 = Debug|Any CPU
		{4C927D27-A6B8-447C-83F8-6D38C7D72B09}.Debug|x64.ActiveCfg = Debug|Any CPU
		{4C927D27-A6B8-447C-83F8-6D38C7D72B09}.Debug|x64.Build.0 = Debug|Any CPU
		{4C927D27-A6B8-447C-83F8-6D38C7D72B09}.Debug|x64.Deploy.0 = Debug|Any CPU
		{4C927D27-A6B8-447C-83F8-6D38C7D72B09}.Debug|x86.ActiveCfg = Debug|Any CPU
		{4C927D27-A6B8-447C-83F8-6D38C7D72B09}.Debug|x86.Build.0 = Debug|Any CPU
		{4C927D27-A6B8-447C-83F8-6D38C7D72B09}.Debug|x86.Deploy.0 = Debug|Any CPU
		{4C927D27-A6B8-447C-83F8-6D38C7D72B09}.Release|Any CPU.ActiveCfg = Release|Any CPU
		{4C927D27-A6B8-447C-83F8-6D38C7D72B09}.Release|Any CPU.Build.0 = Release|Any CPU
		{4C927D27-A6B8-447C-83F8-6D38C7D72B09}.Release|Any CPU.Deploy.0 = Release|Any CPU
		{4C927D27-A6B8-447C-83F8-6D38C7D72B09}.Release|ARM.ActiveCfg = Release|Any CPU
		{4C927D27-A6B8-447C-83F8-6D38C7D72B09}.Release|ARM.Build.0 = Release|Any CPU
		{4C927D27-A6B8-447C-83F8-6D38C7D72B09}.Release|ARM.Deploy.0 = Release|Any CPU
		{4C927D27-A6B8-447C-83F8-6D38C7D72B09}.Release|x64.ActiveCfg = Release|Any CPU
		{4C927D27-A6B8-447C-83F8-6D38C7D72B09}.Release|x64.Build.0 = Release|Any CPU
		{4C927D27-A6B8-447C-83F8-6D38C7D72B09}.Release|x64.Deploy.0 = Release|Any CPU
		{4C927D27-A6B8-447C-83F8-6D38C7D72B09}.Release|x86.ActiveCfg = Release|Any CPU
		{4C927D27-A6B8-447C-83F8-6D38C7D72B09}.Release|x86.Build.0 = Release|Any CPU
		{4C927D27-A6B8-447C-83F8-6D38C7D72B09}.Release|x86.Deploy.0 = Release|Any CPU
		{BC6C47FD-51F1-4AE8-97C6-B9E10EA54474}.Debug|Any CPU.ActiveCfg = Debug|Any CPU
		{BC6C47FD-51F1-4AE8-97C6-B9E10EA54474}.Debug|Any CPU.Build.0 = Debug|Any CPU
		{BC6C47FD-51F1-4AE8-97C6-B9E10EA54474}.Debug|ARM.ActiveCfg = Debug|Any CPU
		{BC6C47FD-51F1-4AE8-97C6-B9E10EA54474}.Debug|ARM.Build.0 = Debug|Any CPU
		{BC6C47FD-51F1-4AE8-97C6-B9E10EA54474}.Debug|x64.ActiveCfg = Debug|Any CPU
		{BC6C47FD-51F1-4AE8-97C6-B9E10EA54474}.Debug|x64.Build.0 = Debug|Any CPU
		{BC6C47FD-51F1-4AE8-97C6-B9E10EA54474}.Debug|x86.ActiveCfg = Debug|Any CPU
		{BC6C47FD-51F1-4AE8-97C6-B9E10EA54474}.Debug|x86.Build.0 = Debug|Any CPU
		{BC6C47FD-51F1-4AE8-97C6-B9E10EA54474}.Release|Any CPU.ActiveCfg = Release|Any CPU
		{BC6C47FD-51F1-4AE8-97C6-B9E10EA54474}.Release|Any CPU.Build.0 = Release|Any CPU
		{BC6C47FD-51F1-4AE8-97C6-B9E10EA54474}.Release|ARM.ActiveCfg = Release|Any CPU
		{BC6C47FD-51F1-4AE8-97C6-B9E10EA54474}.Release|ARM.Build.0 = Release|Any CPU
		{BC6C47FD-51F1-4AE8-97C6-B9E10EA54474}.Release|x64.ActiveCfg = Release|Any CPU
		{BC6C47FD-51F1-4AE8-97C6-B9E10EA54474}.Release|x64.Build.0 = Release|Any CPU
		{BC6C47FD-51F1-4AE8-97C6-B9E10EA54474}.Release|x86.ActiveCfg = Release|Any CPU
		{BC6C47FD-51F1-4AE8-97C6-B9E10EA54474}.Release|x86.Build.0 = Release|Any CPU
		{0E33DAEF-AA3C-4530-B1EF-1CDDCD67CF3F}.Debug|Any CPU.ActiveCfg = Debug|Any CPU
		{0E33DAEF-AA3C-4530-B1EF-1CDDCD67CF3F}.Debug|Any CPU.Build.0 = Debug|Any CPU
		{0E33DAEF-AA3C-4530-B1EF-1CDDCD67CF3F}.Debug|ARM.ActiveCfg = Debug|Any CPU
		{0E33DAEF-AA3C-4530-B1EF-1CDDCD67CF3F}.Debug|ARM.Build.0 = Debug|Any CPU
		{0E33DAEF-AA3C-4530-B1EF-1CDDCD67CF3F}.Debug|x64.ActiveCfg = Debug|Any CPU
		{0E33DAEF-AA3C-4530-B1EF-1CDDCD67CF3F}.Debug|x64.Build.0 = Debug|Any CPU
		{0E33DAEF-AA3C-4530-B1EF-1CDDCD67CF3F}.Debug|x86.ActiveCfg = Debug|Any CPU
		{0E33DAEF-AA3C-4530-B1EF-1CDDCD67CF3F}.Debug|x86.Build.0 = Debug|Any CPU
		{0E33DAEF-AA3C-4530-B1EF-1CDDCD67CF3F}.Release|Any CPU.ActiveCfg = Release|Any CPU
		{0E33DAEF-AA3C-4530-B1EF-1CDDCD67CF3F}.Release|Any CPU.Build.0 = Release|Any CPU
		{0E33DAEF-AA3C-4530-B1EF-1CDDCD67CF3F}.Release|ARM.ActiveCfg = Release|Any CPU
		{0E33DAEF-AA3C-4530-B1EF-1CDDCD67CF3F}.Release|ARM.Build.0 = Release|Any CPU
		{0E33DAEF-AA3C-4530-B1EF-1CDDCD67CF3F}.Release|x64.ActiveCfg = Release|Any CPU
		{0E33DAEF-AA3C-4530-B1EF-1CDDCD67CF3F}.Release|x64.Build.0 = Release|Any CPU
		{0E33DAEF-AA3C-4530-B1EF-1CDDCD67CF3F}.Release|x86.ActiveCfg = Release|Any CPU
		{0E33DAEF-AA3C-4530-B1EF-1CDDCD67CF3F}.Release|x86.Build.0 = Release|Any CPU
		{AC1E8566-D62A-4764-8809-050FEBFBC3DB}.Debug|Any CPU.ActiveCfg = Debug|Any CPU
		{AC1E8566-D62A-4764-8809-050FEBFBC3DB}.Debug|Any CPU.Build.0 = Debug|Any CPU
		{AC1E8566-D62A-4764-8809-050FEBFBC3DB}.Debug|ARM.ActiveCfg = Debug|Any CPU
		{AC1E8566-D62A-4764-8809-050FEBFBC3DB}.Debug|ARM.Build.0 = Debug|Any CPU
		{AC1E8566-D62A-4764-8809-050FEBFBC3DB}.Debug|x64.ActiveCfg = Debug|Any CPU
		{AC1E8566-D62A-4764-8809-050FEBFBC3DB}.Debug|x64.Build.0 = Debug|Any CPU
		{AC1E8566-D62A-4764-8809-050FEBFBC3DB}.Debug|x86.ActiveCfg = Debug|Any CPU
		{AC1E8566-D62A-4764-8809-050FEBFBC3DB}.Debug|x86.Build.0 = Debug|Any CPU
		{AC1E8566-D62A-4764-8809-050FEBFBC3DB}.Release|Any CPU.ActiveCfg = Release|Any CPU
		{AC1E8566-D62A-4764-8809-050FEBFBC3DB}.Release|Any CPU.Build.0 = Release|Any CPU
		{AC1E8566-D62A-4764-8809-050FEBFBC3DB}.Release|ARM.ActiveCfg = Release|Any CPU
		{AC1E8566-D62A-4764-8809-050FEBFBC3DB}.Release|ARM.Build.0 = Release|Any CPU
		{AC1E8566-D62A-4764-8809-050FEBFBC3DB}.Release|x64.ActiveCfg = Release|Any CPU
		{AC1E8566-D62A-4764-8809-050FEBFBC3DB}.Release|x64.Build.0 = Release|Any CPU
		{AC1E8566-D62A-4764-8809-050FEBFBC3DB}.Release|x86.ActiveCfg = Release|Any CPU
		{AC1E8566-D62A-4764-8809-050FEBFBC3DB}.Release|x86.Build.0 = Release|Any CPU
	EndGlobalSection
	GlobalSection(SolutionProperties) = preSolution
		HideSolutionNode = FALSE
	EndGlobalSection
	GlobalSection(ExtensibilityGlobals) = postSolution
		SolutionGuid = {2BA08EFA-F05A-48C4-A9A0-61CB9FF872F3}
	EndGlobalSection
EndGlobal
